
Microsoft Visual Studio Solution File, Format Version 12.00
# Visual Studio Version 17
VisualStudioVersion = 17.0.31512.422
MinimumVisualStudioVersion = 10.0.40219.1
Project("{FAE04EC0-301F-11D3-BF4B-00C04F79EFBC}") = "ViewImageSave", "ViewImageSave\ViewImageSave.csproj", "{1F01972D-18BC-4311-8F10-C15E3C8EC53B}"
EndProject
Global
	GlobalSection(SolutionConfigurationPlatforms) = preSolution
		Debug via Revit Add-In Manager|Any CPU = Debug via Revit Add-In Manager|Any CPU
		Debug|Any CPU = Debug|Any CPU
		Release|Any CPU = Release|Any CPU
	EndGlobalSection
	GlobalSection(ProjectConfigurationPlatforms) = postSolution
		{1F01972D-18BC-4311-8F10-C15E3C8EC53B}.Debug via Revit Add-In Manager|Any CPU.ActiveCfg = Debug via Revit Add-In Manager|Any CPU
		{1F01972D-18BC-4311-8F10-C15E3C8EC53B}.Debug via Revit Add-In Manager|Any CPU.Build.0 = Debug via Revit Add-In Manager|Any CPU
		{1F01972D-18BC-4311-8F10-C15E3C8EC53B}.Debug|Any CPU.ActiveCfg = Debug|Any CPU
		{1F01972D-18BC-4311-8F10-C15E3C8EC53B}.Debug|Any CPU.Build.0 = Debug|Any CPU
		{1F01972D-18BC-4311-8F10-C15E3C8EC53B}.Release|Any CPU.ActiveCfg = Release|Any CPU
		{1F01972D-18BC-4311-8F10-C15E3C8EC53B}.Release|Any CPU.Build.0 = Release|Any CPU
	EndGlobalSection
	GlobalSection(SolutionProperties) = preSolution
		HideSolutionNode = FALSE
	EndGlobalSection
	GlobalSection(ExtensibilityGlobals) = postSolution
		SolutionGuid = {A6062A5A-07FE-40A3-B731-D328CDC9DF9C}
	EndGlobalSection
EndGlobal
